
Microsoft Visual Studio Solution File, Format Version 12.00
# Visual Studio Version 16
VisualStudioVersion = 16.0.28803.452
MinimumVisualStudioVersion = 10.0.40219.1
Project("{888888A0-9F3D-457C-B088-3A5042F75D52}") = "실습", "PythonApplication1\실습.pyproj", "{8C3610C7-0DB6-46F6-B0EA-08F0AE4715D2}"
EndProject
Project("{888888A0-9F3D-457C-B088-3A5042F75D52}") = "과제", "과제\과제.pyproj", "{4356AEC1-C2FC-49CD-B56C-60BE4E75A405}"
EndProject
Global
	GlobalSection(SolutionConfigurationPlatforms) = preSolution
		Debug|Any CPU = Debug|Any CPU
		Release|Any CPU = Release|Any CPU
	EndGlobalSection
	GlobalSection(ProjectConfigurationPlatforms) = postSolution
		{8C3610C7-0DB6-46F6-B0EA-08F0AE4715D2}.Debug|Any CPU.ActiveCfg = Debug|Any CPU
		{8C3610C7-0DB6-46F6-B0EA-08F0AE4715D2}.Release|Any CPU.ActiveCfg = Release|Any CPU
		{4356AEC1-C2FC-49CD-B56C-60BE4E75A405}.Debug|Any CPU.ActiveCfg = Debug|Any CPU
		{4356AEC1-C2FC-49CD-B56C-60BE4E75A405}.Release|Any CPU.ActiveCfg = Release|Any CPU
	EndGlobalSection
	GlobalSection(SolutionProperties) = preSolution
		HideSolutionNode = FALSE
	EndGlobalSection
	GlobalSection(ExtensibilityGlobals) = postSolution
		SolutionGuid = {5C62E95C-B48C-428A-9A93-804842B0D206}
	EndGlobalSection
EndGlobal
